version = 1
image = "ghcr.io/archelabs/jam-computer-builder"
digest = "PENDING_PUBLISH"
architecture = "amd64"
base_image = "ubuntu:20.04"
base_image_digest = "sha256:c664f8f86ed5a386b0a340d981b8f81714e21a8b9c73f658c4bea56aa179d54a"
dockerfile = "toolchains/builder/Dockerfile"
dockerfile_sha256 = "dcc01e7442ecf5671430cd9cead4618d7ad01ca0dcd8b56ed70f5442d033d99f"
node_version = "24.15.0"
rust_toolchain = "nightly-2026-05-02"
llvm_lock = "toolchains/llvm.lock"
