version = 1
provider = "apt.llvm.org"
repository = "https://apt.llvm.org/focal/"
suite = "llvm-toolchain-focal-20"
architecture = "amd64"
package_version = "1:20.1.8~++20250708083436+6fb913d3e2ec-1~exp1~20250708203453.133"
clang_package = "clang-20"
clang_package_sha256 = "443a9e1011b972e31b793909e2c4d7db322e9ba23b2076cf2653f7e0c66631f2"
llvm_package = "llvm-20"
llvm_package_sha256 = "0cd908a041e04ce602388e9b3ed2df807aa9892572df11025126e4a351b78d30"
lld_package = "lld-20"
lld_package_sha256 = "1bb091e40d9a2f1f34768df52fc78cd34b5358a32a1fb4a4e18b5fe55246baaf"
clang_path = "/usr/lib/llvm-20/bin/clang"
llvm_ar_path = "/usr/lib/llvm-20/bin/llvm-ar"
lld_path = "/usr/lib/llvm-20/bin/ld.lld"
clang_version = "Ubuntu clang version 20.1.8 (++20250708083436+6fb913d3e2ec-1~exp1~20250708203453.133)"
clang_sha256 = "18eb5e4c6fc85f8d70499fdaa1401741e39414b47066efa12b770072c6a4ec59"
llvm_ar_sha256 = "0a7b4890f68bfda4df56addfb2419a28691dbc96079bb2f1d90528c8fd605b10"
lld_sha256 = "4f96978fddbca08cb4ed2418211aa0f2f2aae43e7b9a028df290da53fe43d3d5"
target = "riscv64-unknown-elf; rv64emac; lp64e"
