version = 1
provider = "apt.llvm.org"
repository = "https://apt.llvm.org/focal/"
suite = "llvm-toolchain-focal-20"
architecture = "amd64"
package_version = "1:20.1.8~++20250708083436+6fb913d3e2ec-1~exp1~20250708203453.133"
clang_package = "clang-20"
clang_package_sha256 = "443a9e1011b972e31b793909e2c4d7db322e9ba23b2076cf2653f7e0c66631f2"
llvm_package = "llvm-20"
llvm_package_sha256 = "0cd908a041e04ce602388e9b3ed2df807aa9892572df11025126e4a351b78d30"
lld_package = "lld-20"
lld_package_sha256 = "1bb091e40d9a2f1f34768df52fc78cd34b5358a32a1fb4a4e18b5fe55246baaf"
libllvm20_package = "libllvm20"
libllvm20_package_sha256 = "0b80ec3b49cefe6320aa627bfdcbc17a6a06ad203f50de8f8607fad935ab79e3"
libclang_cpp20_package = "libclang-cpp20"
libclang_cpp20_package_sha256 = "9c95fc43e1c8f84bd6262db540867206c8fab493d515e355cfbb783ac712dac2"
libclang_common20_package = "libclang-common-20-dev"
libclang_common20_package_sha256 = "1da40a15010a9cd47cfbdfdb46ac0017edd9fba5d6040d99c141ab9d0f9c0620"
llvm_runtime20_package = "llvm-20-runtime"
llvm_runtime20_package_sha256 = "b0f5e508f04d6bd63fc708c6d0e4f689eb32f0291c029b5f9bd8ca72bdba9789"
llvm_linker_tools20_package = "llvm-20-linker-tools"
llvm_linker_tools20_package_sha256 = "9e0446fa53e9885efcce4a6b4d91d65203b876a1790e8364978bc824543d6428"
llvm_dev20_package = "llvm-20-dev"
llvm_dev20_package_sha256 = "b7ff24058d26c223305794a109388884657a1601cfaeb887350882bc0f125de3"
libclang1_20_package = "libclang1-20"
libclang1_20_package_sha256 = "78e1868b2a70e92c8bb172872c23f8e6f6d1061e4287438bb75ffd0c89b03817"
clang_path = "/usr/lib/llvm-20/bin/clang"
llvm_ar_path = "/usr/lib/llvm-20/bin/llvm-ar"
lld_path = "/usr/lib/llvm-20/bin/ld.lld"
clang_version = "Ubuntu clang version 20.1.8 (++20250708083436+6fb913d3e2ec-1~exp1~20250708203453.133)"
clang_sha256 = "18eb5e4c6fc85f8d70499fdaa1401741e39414b47066efa12b770072c6a4ec59"
llvm_ar_sha256 = "0a7b4890f68bfda4df56addfb2419a28691dbc96079bb2f1d90528c8fd605b10"
lld_sha256 = "4f96978fddbca08cb4ed2418211aa0f2f2aae43e7b9a028df290da53fe43d3d5"
llvm_shared_library_path = "/usr/lib/llvm-20/lib/libLLVM.so.20.1"
llvm_shared_library_sha256 = "143bcfee8ecbd4475a34c7220bcf3c5322e3edd17d7706796ba5c091198ef226"
clang_shared_library_path = "/usr/lib/llvm-20/lib/libclang-cpp.so.20.1"
clang_shared_library_sha256 = "17d03a24d8dfe0cbbfffc63080d3e799ad600b755c6057dd5ebe28a2ead3ce30"
target = "riscv64-unknown-elf; rv64emac; lp64e"
