# This file is automatically @generated by Cargo.
# It is not intended for manual editing.
version = 4

[[package]]
name = "doom-runner-smoke"
version = "0.1.0"
dependencies = [
 "polkavm",
]

[[package]]
name = "libc"
version = "0.2.189"
source = "registry+https://github.com/rust-lang/crates.io-index"
checksum = "3eaf3ede3fee6db1a4c2ee091bf8a8b4dccdc6d17f656fb07896ee72867612f2"

[[package]]
name = "log"
version = "0.4.34"
source = "registry+https://github.com/rust-lang/crates.io-index"
checksum = "f9f8bd3e56ce4dfc153cf470fffbfa98c7620958b312ca5c3a4b8d5181fd13c6"

[[package]]
name = "picosimd"
version = "0.9.6"
source = "registry+https://github.com/rust-lang/crates.io-index"
checksum = "7823ffd00d2b55ebe51750a19f47f2a33cb1f1d135f5cba893379b81c4d44856"

[[package]]
name = "polkavm"
version = "0.37.0"
source = "git+https://github.com/paritytech/polkavm.git?rev=5ee3a8444feb3738cbbbfc59f31ab1a7d5609909#5ee3a8444feb3738cbbbfc59f31ab1a7d5609909"
dependencies = [
 "libc",
 "log",
 "picosimd",
 "polkavm-assembler",
 "polkavm-common",
 "polkavm-linux-raw",
]

[[package]]
name = "polkavm-assembler"
version = "0.37.0"
source = "git+https://github.com/paritytech/polkavm.git?rev=5ee3a8444feb3738cbbbfc59f31ab1a7d5609909#5ee3a8444feb3738cbbbfc59f31ab1a7d5609909"
dependencies = [
 "log",
]

[[package]]
name = "polkavm-common"
version = "0.37.0"
source = "git+https://github.com/paritytech/polkavm.git?rev=5ee3a8444feb3738cbbbfc59f31ab1a7d5609909#5ee3a8444feb3738cbbbfc59f31ab1a7d5609909"
dependencies = [
 "log",
 "picosimd",
 "polkavm-assembler",
]

[[package]]
name = "polkavm-linux-raw"
version = "0.37.0"
source = "git+https://github.com/paritytech/polkavm.git?rev=5ee3a8444feb3738cbbbfc59f31ab1a7d5609909#5ee3a8444feb3738cbbbfc59f31ab1a7d5609909"
